// !$*UTF8*$!
{
	archiveVersion = 1;
	classes = {
	};
	objectVersion = 46;
	objects = {

/* Begin PBXBuildFile section */
		012B74521D505C330054E4DA /* DIImageView.swift in Sources */ = {isa = PBXBuildFile; fileRef = 012B744B1D505C330054E4DA /* DIImageView.swift */; };
		012B74531D505C330054E4DA /* AppDelegate.swift in Sources */ = {isa = PBXBuildFile; fileRef = 012B744C1D505C330054E4DA /* AppDelegate.swift */; };
		012B74541D505C330054E4DA /* ViewController.swift in Sources */ = {isa = PBXBuildFile; fileRef = 012B744D1D505C330054E4DA /* ViewController.swift */; };
		012B74551D505C330054E4DA /* Main.storyboard in Resources */ = {isa = PBXBuildFile; fileRef = 012B744E1D505C330054E4DA /* Main.storyboard */; };
		012B74561D505C330054E4DA /* Assets.xcassets in Resources */ = {isa = PBXBuildFile; fileRef = 012B744F1D505C330054E4DA /* Assets.xcassets */; };
		012B74571D505C330054E4DA /* LaunchScreen.storyboard in Resources */ = {isa = PBXBuildFile; fileRef = 012B74501D505C330054E4DA /* LaunchScreen.storyboard */; };
		012B74581D505C330054E4DA /* Info.plist in Resources */ = {isa = PBXBuildFile; fileRef = 012B74511D505C330054E4DA /* Info.plist */; };
/* End PBXBuildFile section */

/* Begin PBXFileReference section */
		012B744B1D505C330054E4DA /* DIImageView.swift */ = {isa = PBXFileReference; fileEncoding = 4; lastKnownFileType = sourcecode.swift; path = DIImageView.swift; sourceTree = "<group>"; };
		012B744C1D505C330054E4DA /* AppDelegate.swift */ = {isa = PBXFileReference; fileEncoding = 4; lastKnownFileType = sourcecode.swift; path = AppDelegate.swift; sourceTree = "<group>"; };
		012B744D1D505C330054E4DA /* ViewController.swift */ = {isa = PBXFileReference; fileEncoding = 4; lastKnownFileType = sourcecode.swift; path = ViewController.swift; sourceTree = "<group>"; };
		012B744E1D505C330054E4DA /* Main.storyboard */ = {isa = PBXFileReference; fileEncoding = 4; lastKnownFileType = file.storyboard; path = Main.storyboard; sourceTree = "<group>"; };
		012B744F1D505C330054E4DA /* Assets.xcassets */ = {isa = PBXFileReference; lastKnownFileType = folder.assetcatalog; path = Assets.xcassets; sourceTree = "<group>"; };
		012B74501D505C330054E4DA /* LaunchScreen.storyboard */ = {isa = PBXFileReference; fileEncoding = 4; lastKnownFileType = file.storyboard; path = LaunchScreen.storyboard; sourceTree = "<group>"; };
		012B74511D505C330054E4DA /* Info.plist */ = {isa = PBXFileReference; fileEncoding = 4; lastKnownFileType = text.plist.xml; path = Info.plist; sourceTree = "<group>"; };
		0154EBE81D4ED868008AEB8A /* DIImageVIew.app */ = {isa = PBXFileReference; explicitFileType = wrapper.application; includeInIndex = 0; path = DIImageVIew.app; sourceTree = BUILT_PRODUCTS_DIR; };
/* End PBXFileReference section */

/* Begin PBXFrameworksBuildPhase section */
		0154EBE51D4ED868008AEB8A /* Frameworks */ = {
			isa = PBXFrameworksBuildPhase;
			buildActionMask = 2147483647;
			files = (
			);
			runOnlyForDeploymentPostprocessing = 0;
		};
/* End PBXFrameworksBuildPhase section */

/* Begin PBXGroup section */
		0154EBDF1D4ED868008AEB8A = {
			isa = PBXGroup;
			children = (
				0154EBEA1D4ED868008AEB8A /* DIImageVIew */,
				0154EBE91D4ED868008AEB8A /* Products */,
			);
			sourceTree = "<group>";
		};
		0154EBE91D4ED868008AEB8A /* Products */ = {
			isa = PBXGroup;
			children = (
				0154EBE81D4ED868008AEB8A /* DIImageVIew.app */,
			);
			name = Products;
			sourceTree = "<group>";
		};
		0154EBEA1D4ED868008AEB8A /* DIImageVIew */ = {
			isa = PBXGroup;
			children = (
				012B744B1D505C330054E4DA /* DIImageView.swift */,
				012B744C1D505C330054E4DA /* AppDelegate.swift */,
				012B744D1D505C330054E4DA /* ViewController.swift */,
				012B744E1D505C330054E4DA /* Main.storyboard */,
				012B744F1D505C330054E4DA /* Assets.xcassets */,
				012B74501D505C330054E4DA /* LaunchScreen.storyboard */,
				012B74511D505C330054E4DA /* Info.plist */,
			);
			path = DIImageVIew;
			sourceTree = "<group>";
		};
/* End PBXGroup section */

/* Begin PBXNativeTarget section */
		0154EBE71D4ED868008AEB8A /* DIImageVIew */ = {
			isa = PBXNativeTarget;
			buildConfigurationList = 0154EBFA1D4ED868008AEB8A /* Build configuration list for PBXNativeTarget "DIImageVIew" */;
			buildPhases = (
				0154EBE41D4ED868008AEB8A /* Sources */,
				0154EBE51D4ED868008AEB8A /* Frameworks */,
				0154EBE61D4ED868008AEB8A /* Resources */,
			);
			buildRules = (
			);
			dependencies = (
			);
			name = DIImageVIew;
			productName = DIImageVIew;
			productReference = 0154EBE81D4ED868008AEB8A /* DIImageVIew.app */;
			productType = "com.apple.product-type.application";
		};
/* End PBXNativeTarget section */

/* Begin PBXProject section */
		0154EBE01D4ED868008AEB8A /* Project object */ = {
			isa = PBXProject;
			attributes = {
				LastSwiftUpdateCheck = 0730;
				LastUpgradeCheck = 0730;
				ORGANIZATIONNAME = "Daniel Inoa";
				TargetAttributes = {
					0154EBE71D4ED868008AEB8A = {
						CreatedOnToolsVersion = 7.3.1;
						DevelopmentTeam = A8SJS26GGQ;
						LastSwiftMigration = 0810;
					};
				};
			};
			buildConfigurationList = 0154EBE31D4ED868008AEB8A /* Build configuration list for PBXProject "DIImageView" */;
			compatibilityVersion = "Xcode 3.2";
			developmentRegion = English;
			hasScannedForEncodings = 0;
			knownRegions = (
				en,
				Base,
			);
			mainGroup = 0154EBDF1D4ED868008AEB8A;
			productRefGroup = 0154EBE91D4ED868008AEB8A /* Products */;
			projectDirPath = "";
			projectRoot = "";
			targets = (
				0154EBE71D4ED868008AEB8A /* DIImageVIew */,
			);
		};
/* End PBXProject section */

/* Begin PBXResourcesBuildPhase section */
		0154EBE61D4ED868008AEB8A /* Resources */ = {
			isa = PBXResourcesBuildPhase;
			buildActionMask = 2147483647;
			files = (
				012B74581D505C330054E4DA /* Info.plist in Resources */,
				012B74571D505C330054E4DA /* LaunchScreen.storyboard in Resources */,
				012B74561D505C330054E4DA /* Assets.xcassets in Resources */,
				012B74551D505C330054E4DA /* Main.storyboard in Resources */,
			);
			runOnlyForDeploymentPostprocessing = 0;
		};
/* End PBXResourcesBuildPhase section */

/* Begin PBXSourcesBuildPhase section */
		0154EBE41D4ED868008AEB8A /* Sources */ = {
			isa = PBXSourcesBuildPhase;
			buildActionMask = 2147483647;
			files = (
				012B74541D505C330054E4DA /* ViewController.swift in Sources */,
				012B74531D505C330054E4DA /* AppDelegate.swift in Sources */,
				012B74521D505C330054E4DA /* DIImageView.swift in Sources */,
			);
			runOnlyForDeploymentPostprocessing = 0;
		};
/* End PBXSourcesBuildPhase section */

/* Begin XCBuildConfiguration section */
		0154EBF81D4ED868008AEB8A /* Debug */ = {
			isa = XCBuildConfiguration;
			buildSettings = {
				ALWAYS_SEARCH_USER_PATHS = NO;
				CLANG_ANALYZER_NONNULL = YES;
				CLANG_CXX_LANGUAGE_STANDARD = "gnu++0x";
				CLANG_CXX_LIBRARY = "libc++";
				CLANG_ENABLE_MODULES = YES;
				CLANG_ENABLE_OBJC_ARC = YES;
				CLANG_WARN_BOOL_CONVERSION = YES;
				CLANG_WARN_CONSTANT_CONVERSION = YES;
				CLANG_WARN_DIRECT_OBJC_ISA_USAGE = YES_ERROR;
				CLANG_WARN_EMPTY_BODY = YES;
				CLANG_WARN_ENUM_CONVERSION = YES;
				CLANG_WARN_INT_CONVERSION = YES;
				CLANG_WARN_OBJC_ROOT_CLASS = YES_ERROR;
				CLANG_WARN_UNREACHABLE_CODE = YES;
				CLANG_WARN__DUPLICATE_METHOD_MATCH = YES;
				"CODE_SIGN_IDENTITY[sdk=iphoneos*]" = "iPhone Developer";
				COPY_PHASE_STRIP = NO;
				DEBUG_INFORMATION_FORMAT = dwarf;
				ENABLE_STRICT_OBJC_MSGSEND = YES;
				ENABLE_TESTABILITY = YES;
				GCC_C_LANGUAGE_STANDARD = gnu99;
				GCC_DYNAMIC_NO_PIC = NO;
				GCC_NO_COMMON_BLOCKS = YES;
				GCC_OPTIMIZATION_LEVEL = 0;
				GCC_PREPROCESSOR_DEFINITIONS = (
					"DEBUG=1",
					"$(inherited)",
				);
				GCC_WARN_64_TO_32_BIT_CONVERSION = YES;
				GCC_WARN_ABOUT_RETURN_TYPE = YES_ERROR;
				GCC_WARN_UNDECLARED_SELECTOR = YES;
				GCC_WARN_UNINITIALIZED_AUTOS = YES_AGGRESSIVE;
				GCC_WARN_UNUSED_FUNCTION = YES;
				GCC_WARN_UNUSED_VARIABLE = YES;
				IPHONEOS_DEPLOYMENT_TARGET = 9.3;
				MTL_ENABLE_DEBUG_INFO = YES;
				ONLY_ACTIVE_ARCH = YES;
				SDKROOT = iphoneos;
				SWIFT_OPTIMIZATION_LEVEL = "-Onone";
			};
			name = Debug;
		};
		0154EBF91D4ED868008AEB8A /* Release */ = {
			isa = XCBuildConfiguration;
			buildSettings = {
				ALWAYS_SEARCH_USER_PATHS = NO;
				CLANG_ANALYZER_NONNULL = YES;
				CLANG_CXX_LANGUAGE_STANDARD = "gnu++0x";
				CLANG_CXX_LIBRARY = "libc++";
				CLANG_ENABLE_MODULES = YES;
				CLANG_ENABLE_OBJC_ARC = YES;
				CLANG_WARN_BOOL_CONVERSION = YES;
				CLANG_WARN_CONSTANT_CONVERSION = YES;
				CLANG_WARN_DIRECT_OBJC_ISA_USAGE = YES_ERROR;
				CLANG_WARN_EMPTY_BODY = YES;
				CLANG_WARN_ENUM_CONVERSION = YES;
				CLANG_WARN_INT_CONVERSION = YES;
				CLANG_WARN_OBJC_ROOT_CLASS = YES_ERROR;
				CLANG_WARN_UNREACHABLE_CODE = YES;
				CLANG_WARN__DUPLICATE_METHOD_MATCH = YES;
				"CODE_SIGN_IDENTITY[sdk=iphoneos*]" = "iPhone Developer";
				COPY_PHASE_STRIP = NO;
				DEBUG_INFORMATION_FORMAT = "dwarf-with-dsym";
				ENABLE_NS_ASSERTIONS = NO;
				ENABLE_STRICT_OBJC_MSGSEND = YES;
				GCC_C_LANGUAGE_STANDARD = gnu99;
				GCC_NO_COMMON_BLOCKS = YES;
				GCC_WARN_64_TO_32_BIT_CONVERSION = YES;
				GCC_WARN_ABOUT_RETURN_TYPE = YES_ERROR;
				GCC_WARN_UNDECLARED_SELECTOR = YES;
				GCC_WARN_UNINITIALIZED_AUTOS = YES_AGGRESSIVE;
				GCC_WARN_UNUSED_FUNCTION = YES;
				GCC_WARN_UNUSED_VARIABLE = YES;
				IPHONEOS_DEPLOYMENT_TARGET = 9.3;
				MTL_ENABLE_DEBUG_INFO = NO;
				SDKROOT = iphoneos;
				VALIDATE_PRODUCT = YES;
			};
			name = Release;
		};
		0154EBFB1D4ED868008AEB8A /* Debug */ = {
			isa = XCBuildConfiguration;
			buildSettings = {
				ASSETCATALOG_COMPILER_APPICON_NAME = AppIcon;
				CLANG_ENABLE_MODULES = YES;
				DEVELOPMENT_TEAM = A8SJS26GGQ;
				INFOPLIST_FILE = DIImageVIew/Info.plist;
				LD_RUNPATH_SEARCH_PATHS = "$(inherited) @executable_path/Frameworks";
				PRODUCT_BUNDLE_IDENTIFIER = com.danielinoa.DIImageVIew;
				PRODUCT_NAME = "$(TARGET_NAME)";
				SWIFT_OPTIMIZATION_LEVEL = "-Onone";
				SWIFT_VERSION = 3.0;
			};
			name = Debug;
		};
		0154EBFC1D4ED868008AEB8A /* Release */ = {
			isa = XCBuildConfiguration;
			buildSettings = {
				ASSETCATALOG_COMPILER_APPICON_NAME = AppIcon;
				CLANG_ENABLE_MODULES = YES;
				DEVELOPMENT_TEAM = A8SJS26GGQ;
				INFOPLIST_FILE = DIImageVIew/Info.plist;
				LD_RUNPATH_SEARCH_PATHS = "$(inherited) @executable_path/Frameworks";
				PRODUCT_BUNDLE_IDENTIFIER = com.danielinoa.DIImageVIew;
				PRODUCT_NAME = "$(TARGET_NAME)";
				SWIFT_VERSION = 3.0;
			};
			name = Release;
		};
/* End XCBuildConfiguration section */

/* Begin XCConfigurationList section */
		0154EBE31D4ED868008AEB8A /* Build configuration list for PBXProject "DIImageView" */ = {
			isa = XCConfigurationList;
			buildConfigurations = (
				0154EBF81D4ED868008AEB8A /* Debug */,
				0154EBF91D4ED868008AEB8A /* Release */,
			);
			defaultConfigurationIsVisible = 0;
			defaultConfigurationName = Release;
		};
		0154EBFA1D4ED868008AEB8A /* Build configuration list for PBXNativeTarget "DIImageVIew" */ = {
			isa = XCConfigurationList;
			buildConfigurations = (
				0154EBFB1D4ED868008AEB8A /* Debug */,
				0154EBFC1D4ED868008AEB8A /* Release */,
			);
			defaultConfigurationIsVisible = 0;
			defaultConfigurationName = Release;
		};
/* End XCConfigurationList section */
	};
	rootObject = 0154EBE01D4ED868008AEB8A /* Project object */;
}
